
Microsoft Visual Studio Solution File, Format Version 12.00
# Visual Studio Version 17
VisualStudioVersion = 17.1.32414.318
MinimumVisualStudioVersion = 10.0.40219.1
Project("{9A19103F-16F7-4668-BE54-9A1E7A4F7556}") = "Construction_Admin_Service", "Construction_Admin_Service\Construction_Admin_Service.csproj", "{53B47BBD-4861-4668-9EF2-741DD228D1F7}"
EndProject
Project("{9A19103F-16F7-4668-BE54-9A1E7A4F7556}") = "Construction_Contractor", "Construction_Contractor\Construction_Contractor.csproj", "{2175917D-89A5-4B6D-A136-36EAAE9B0783}"
EndProject
Project("{9A19103F-16F7-4668-BE54-9A1E7A4F7556}") = "ApiGetWay", "ApiGetWay\ApiGetWay.csproj", "{418CA3FF-1F96-4654-BF7B-63FFAA81BFBA}"
EndProject
Global
	GlobalSection(SolutionConfigurationPlatforms) = preSolution
		Debug|Any CPU = Debug|Any CPU
		Release|Any CPU = Release|Any CPU
	EndGlobalSection
	GlobalSection(ProjectConfigurationPlatforms) = postSolution
		{53B47BBD-4861-4668-9EF2-741DD228D1F7}.Debug|Any CPU.ActiveCfg = Debug|Any CPU
		{53B47BBD-4861-4668-9EF2-741DD228D1F7}.Debug|Any CPU.Build.0 = Debug|Any CPU
		{53B47BBD-4861-4668-9EF2-741DD228D1F7}.Release|Any CPU.ActiveCfg = Release|Any CPU
		{53B47BBD-4861-4668-9EF2-741DD228D1F7}.Release|Any CPU.Build.0 = Release|Any CPU
		{2175917D-89A5-4B6D-A136-36EAAE9B0783}.Debug|Any CPU.ActiveCfg = Debug|Any CPU
		{2175917D-89A5-4B6D-A136-36EAAE9B0783}.Debug|Any CPU.Build.0 = Debug|Any CPU
		{2175917D-89A5-4B6D-A136-36EAAE9B0783}.Release|Any CPU.ActiveCfg = Release|Any CPU
		{2175917D-89A5-4B6D-A136-36EAAE9B0783}.Release|Any CPU.Build.0 = Release|Any CPU
		{418CA3FF-1F96-4654-BF7B-63FFAA81BFBA}.Debug|Any CPU.ActiveCfg = Debug|Any CPU
		{418CA3FF-1F96-4654-BF7B-63FFAA81BFBA}.Debug|Any CPU.Build.0 = Debug|Any CPU
		{418CA3FF-1F96-4654-BF7B-63FFAA81BFBA}.Release|Any CPU.ActiveCfg = Release|Any CPU
		{418CA3FF-1F96-4654-BF7B-63FFAA81BFBA}.Release|Any CPU.Build.0 = Release|Any CPU
	EndGlobalSection
	GlobalSection(SolutionProperties) = preSolution
		HideSolutionNode = FALSE
	EndGlobalSection
	GlobalSection(ExtensibilityGlobals) = postSolution
		SolutionGuid = {68451DA1-46D1-439A-87CB-3093B0751991}
	EndGlobalSection
EndGlobal
